{
  "R": {
    "Version": "4.3.1",
    "Repositories": [
      {
        "Name": "CRAN.cloud",
        "URL": "https://cloud.r-project.org"
      }
    ]
  },
  "Packages": {
    "Rcpp": {
      "Package": "Rcpp",
      "Version": "1.0.11",
      "Source": "Repository",
      "Repository": "CRAN",
      "Requirements": [
        "methods",
        "utils"
      ],
      "Hash": "ae6cbbe1492f4de79c45fce06f967ce8"
    },
    "renv": {
      "Package": "renv",
      "Version": "1.0.3",
      "Source": "Repository",
      "Repository": "CRAN",
      "Requirements": [
        "utils"
      ],
      "Hash": "41b847654f567341725473431dd0d5ab"
    }
  }
}
